
Microsoft Visual Studio Solution File, Format Version 12.00
# Visual Studio Version 17
VisualStudioVersion = 17.7.34024.191
MinimumVisualStudioVersion = 10.0.40219.1
Project("{FAE04EC0-301F-11D3-BF4B-00C04F79EFBC}") = "API", "API\API.csproj", "{542257FE-0043-4E5F-9C4F-F1765CE91E1C}"
EndProject
Global
	GlobalSection(SolutionConfigurationPlatforms) = preSolution
		Debug|Any CPU = Debug|Any CPU
		Release|Any CPU = Release|Any CPU
	EndGlobalSection
	GlobalSection(ProjectConfigurationPlatforms) = postSolution
		{542257FE-0043-4E5F-9C4F-F1765CE91E1C}.Debug|Any CPU.ActiveCfg = Debug|Any CPU
		{542257FE-0043-4E5F-9C4F-F1765CE91E1C}.Debug|Any CPU.Build.0 = Debug|Any CPU
		{542257FE-0043-4E5F-9C4F-F1765CE91E1C}.Release|Any CPU.ActiveCfg = Release|Any CPU
		{542257FE-0043-4E5F-9C4F-F1765CE91E1C}.Release|Any CPU.Build.0 = Release|Any CPU
	EndGlobalSection
	GlobalSection(SolutionProperties) = preSolution
		HideSolutionNode = FALSE
	EndGlobalSection
	GlobalSection(ExtensibilityGlobals) = postSolution
		SolutionGuid = {E02EF42A-20D8-4A93-905A-0DD0C8CE2991}
	EndGlobalSection
EndGlobal
